{
    "_meta": {
        "hash": {
            "sha256": "0cbf84b3adf415a2dbbd947ea6d01427922511d1e253789d29fc6d309e505e59"
        },
        "pipfile-spec": 6,
        "requires": {
            "platform_system": "Linux",
            "python_version": "3.7"
        },
        "sources": [
            {
                "name": "pypi",
                "url": "https://pypi.org/simple",
                "verify_ssl": true
            }
        ]
    },
    "default": {
        "django": {
            "hashes": [
                "sha256:014e3392058d94f40569206a24523ce254d55ad2f9f46c6550b0fe2e4f94cf3f",
                "sha256:4200aefb6678019a0acf0005cd14cfce3a5e6b9b90d06145fcdd2e474ad4329c"
            ],
            "index": "pypi",
            "version": "==1.11.29"
        },
        "pytz": {
            "hashes": [
                "sha256:3e6b7dd2d1e0a59084bcee14a17af60c5c562cdc16d828e8eba2e683d3a7e268",
                "sha256:5c55e189b682d420be27c6995ba6edce0c0a77dd67bfbe2ae6607134d5851ffd"
            ],
            "version": "==2020.4"
        }
    },
    "develop": {
        "django-extensions": {
            "hashes": [
                "sha256:4524eca892d23fa6e93b0620901983b287ff5dc806f1b978d6a98541f06b9471",
                "sha256:936e8e3962024d3c75ea54f4e0248002404ca7ca7fb698430e60b06b5555b4e7"
            ],
            "index": "pypi",
            "version": "==2.2.6"
        },
        "six": {
            "hashes": [
                "sha256:30639c035cdb23534cd4aa2dd52c3bf48f06e5f4a941509c8bafd8ce11080259",
                "sha256:8b74bedcbbbaca38ff6d7491d76f2b06b3592611af620f8426e82dddb04a5ced"
            ],
            "version": "==1.15.0"
        }
    }
}
